
Microsoft Visual Studio Solution File, Format Version 12.00
# Visual Studio Version 17
VisualStudioVersion = 17.11.35208.52
MinimumVisualStudioVersion = 10.0.40219.1
Project("{FAE04EC0-301F-11D3-BF4B-00C04F79EFBC}") = "RaceRacerRacing", "RaceRacerRacing\RaceRacerRacing.csproj", "{365CE88E-749C-44E3-AFF9-CDE7FA29E781}"
EndProject
Global
	GlobalSection(SolutionConfigurationPlatforms) = preSolution
		Debug|Any CPU = Debug|Any CPU
		Release|Any CPU = Release|Any CPU
	EndGlobalSection
	GlobalSection(ProjectConfigurationPlatforms) = postSolution
		{365CE88E-749C-44E3-AFF9-CDE7FA29E781}.Debug|Any CPU.ActiveCfg = Debug|Any CPU
		{365CE88E-749C-44E3-AFF9-CDE7FA29E781}.Debug|Any CPU.Build.0 = Debug|Any CPU
		{365CE88E-749C-44E3-AFF9-CDE7FA29E781}.Release|Any CPU.ActiveCfg = Release|Any CPU
		{365CE88E-749C-44E3-AFF9-CDE7FA29E781}.Release|Any CPU.Build.0 = Release|Any CPU
	EndGlobalSection
	GlobalSection(SolutionProperties) = preSolution
		HideSolutionNode = FALSE
	EndGlobalSection
	GlobalSection(ExtensibilityGlobals) = postSolution
		SolutionGuid = {77B1A02C-CED2-41FD-8631-1028A554DB9E}
	EndGlobalSection
EndGlobal
